{
  "name": "openai",
  "version": "1.0.0",
  "lockfileVersion": 3,
  "requires": true,
  "packages": {
    "": {
      "name": "openai",
      "version": "1.0.0",
      "license": "ISC",
      "dependencies": {
        "n": "^10.0.0"
      }
    },
    "node_modules/n": {
      "version": "10.0.0",
      "resolved": "https://registry.npmjs.org/n/-/n-10.0.0.tgz",
      "integrity": "sha512-DUo92Hiufg66paQRSsUuXrZk/0NVt28iuzUZxdwVtCRaS9VEYadduJjSYmsjYKgkpdV7sT9Mn2Epp9YfsjuVuw==",
      "license": "MIT",
      "os": [
        "!win32"
      ],
      "bin": {
        "n": "bin/n"
      },
      "engines": {
        "node": "*"
      }
    }
  }
}
